
Microsoft Visual Studio Solution File, Format Version 12.00
# Visual Studio 15
VisualStudioVersion = 15.0.28307.106
MinimumVisualStudioVersion = 10.0.40219.1
Project("{FAE04EC0-301F-11D3-BF4B-00C04F79EFBC}") = "2FADesktopAuthenticator", "2FADesktopAuthenticator\2FADesktopAuthenticator.csproj", "{A062C37E-BCE1-4308-9BA1-B2D4BCCF398F}"
EndProject
Global
	GlobalSection(SolutionConfigurationPlatforms) = preSolution
		Debug|Any CPU = Debug|Any CPU
		Release|Any CPU = Release|Any CPU
	EndGlobalSection
	GlobalSection(ProjectConfigurationPlatforms) = postSolution
		{A062C37E-BCE1-4308-9BA1-B2D4BCCF398F}.Debug|Any CPU.ActiveCfg = Debug|Any CPU
		{A062C37E-BCE1-4308-9BA1-B2D4BCCF398F}.Debug|Any CPU.Build.0 = Debug|Any CPU
		{A062C37E-BCE1-4308-9BA1-B2D4BCCF398F}.Release|Any CPU.ActiveCfg = Release|Any CPU
		{A062C37E-BCE1-4308-9BA1-B2D4BCCF398F}.Release|Any CPU.Build.0 = Release|Any CPU
	EndGlobalSection
	GlobalSection(SolutionProperties) = preSolution
		HideSolutionNode = FALSE
	EndGlobalSection
	GlobalSection(ExtensibilityGlobals) = postSolution
		SolutionGuid = {503440A3-244F-42F8-8CCB-5BCA2447FB1B}
	EndGlobalSection
EndGlobal
